
Microsoft Visual Studio Solution File, Format Version 12.00
# Visual Studio Version 17
VisualStudioVersion = 17.1.32210.238
MinimumVisualStudioVersion = 10.0.40219.1
Project("{FAE04EC0-301F-11D3-BF4B-00C04F79EFBC}") = "DataAccess", "DataAccess\DataAccess.csproj", "{040D8963-0E6E-459B-AC09-80C1E8D657CF}"
EndProject
Project("{FAE04EC0-301F-11D3-BF4B-00C04F79EFBC}") = "BLL", "BLL\BLL.csproj", "{329AAAD0-D4B6-4373-8657-B9322914BC90}"
EndProject
Project("{FAE04EC0-301F-11D3-BF4B-00C04F79EFBC}") = "UI", "UI\UI.csproj", "{D53AEEC9-08FD-4FB5-BE63-B2DBEB2BD730}"
EndProject
Global
	GlobalSection(SolutionConfigurationPlatforms) = preSolution
		Debug|Any CPU = Debug|Any CPU
		Release|Any CPU = Release|Any CPU
	EndGlobalSection
	GlobalSection(ProjectConfigurationPlatforms) = postSolution
		{040D8963-0E6E-459B-AC09-80C1E8D657CF}.Debug|Any CPU.ActiveCfg = Debug|Any CPU
		{040D8963-0E6E-459B-AC09-80C1E8D657CF}.Debug|Any CPU.Build.0 = Debug|Any CPU
		{040D8963-0E6E-459B-AC09-80C1E8D657CF}.Release|Any CPU.ActiveCfg = Release|Any CPU
		{040D8963-0E6E-459B-AC09-80C1E8D657CF}.Release|Any CPU.Build.0 = Release|Any CPU
		{329AAAD0-D4B6-4373-8657-B9322914BC90}.Debug|Any CPU.ActiveCfg = Debug|Any CPU
		{329AAAD0-D4B6-4373-8657-B9322914BC90}.Debug|Any CPU.Build.0 = Debug|Any CPU
		{329AAAD0-D4B6-4373-8657-B9322914BC90}.Release|Any CPU.ActiveCfg = Release|Any CPU
		{329AAAD0-D4B6-4373-8657-B9322914BC90}.Release|Any CPU.Build.0 = Release|Any CPU
		{D53AEEC9-08FD-4FB5-BE63-B2DBEB2BD730}.Debug|Any CPU.ActiveCfg = Debug|Any CPU
		{D53AEEC9-08FD-4FB5-BE63-B2DBEB2BD730}.Debug|Any CPU.Build.0 = Debug|Any CPU
		{D53AEEC9-08FD-4FB5-BE63-B2DBEB2BD730}.Release|Any CPU.ActiveCfg = Release|Any CPU
		{D53AEEC9-08FD-4FB5-BE63-B2DBEB2BD730}.Release|Any CPU.Build.0 = Release|Any CPU
	EndGlobalSection
	GlobalSection(SolutionProperties) = preSolution
		HideSolutionNode = FALSE
	EndGlobalSection
	GlobalSection(ExtensibilityGlobals) = postSolution
		SolutionGuid = {4A0F4651-9526-4B5E-989E-B06A2628D2D6}
	EndGlobalSection
EndGlobal
